
Microsoft Visual Studio Solution File, Format Version 12.00
# Visual Studio Version 17
VisualStudioVersion = 17.13.35825.156 d17.13
MinimumVisualStudioVersion = 10.0.40219.1
Project("{FAE04EC0-301F-11D3-BF4B-00C04F79EFBC}") = "Inheritanceprototif", "Inheritanceprototif\Inheritanceprototif.csproj", "{AC15755B-2990-40B0-BFE5-4B65E3E4F8AF}"
EndProject
Global
	GlobalSection(SolutionConfigurationPlatforms) = preSolution
		Debug|Any CPU = Debug|Any CPU
		Release|Any CPU = Release|Any CPU
	EndGlobalSection
	GlobalSection(ProjectConfigurationPlatforms) = postSolution
		{AC15755B-2990-40B0-BFE5-4B65E3E4F8AF}.Debug|Any CPU.ActiveCfg = Debug|Any CPU
		{AC15755B-2990-40B0-BFE5-4B65E3E4F8AF}.Debug|Any CPU.Build.0 = Debug|Any CPU
		{AC15755B-2990-40B0-BFE5-4B65E3E4F8AF}.Release|Any CPU.ActiveCfg = Release|Any CPU
		{AC15755B-2990-40B0-BFE5-4B65E3E4F8AF}.Release|Any CPU.Build.0 = Release|Any CPU
	EndGlobalSection
	GlobalSection(SolutionProperties) = preSolution
		HideSolutionNode = FALSE
	EndGlobalSection
	GlobalSection(ExtensibilityGlobals) = postSolution
		SolutionGuid = {1BACBB64-38B2-48F3-8685-60C70C581707}
	EndGlobalSection
EndGlobal
